// !$*UTF8*$!
{
	archiveVersion = 1;
	classes = {
	};
	objectVersion = 46;
	objects = {

/* Begin PBXBuildFile section */
		3F2E29021DA9B9F200519C9E /* AppDelegate.swift in Sources */ = {isa = PBXBuildFile; fileRef = 3F2E29011DA9B9F200519C9E /* AppDelegate.swift */; };
		3F2E29041DA9B9F200519C9E /* MasterViewController.swift in Sources */ = {isa = PBXBuildFile; fileRef = 3F2E29031DA9B9F200519C9E /* MasterViewController.swift */; };
		3F2E29091DA9B9F200519C9E /* Main.storyboard in Resources */ = {isa = PBXBuildFile; fileRef = 3F2E29071DA9B9F200519C9E /* Main.storyboard */; };
		3F2E290B1DA9B9F200519C9E /* Assets.xcassets in Resources */ = {isa = PBXBuildFile; fileRef = 3F2E290A1DA9B9F200519C9E /* Assets.xcassets */; };
		3F2E290E1DA9B9F200519C9E /* LaunchScreen.storyboard in Resources */ = {isa = PBXBuildFile; fileRef = 3F2E290C1DA9B9F200519C9E /* LaunchScreen.storyboard */; };
		3F2E29191DA9B9F200519C9E /* MacchiatoTests.swift in Sources */ = {isa = PBXBuildFile; fileRef = 3F2E29181DA9B9F200519C9E /* MacchiatoTests.swift */; };
		3F2E292B1DA9DC9900519C9E /* StreamViewController.swift in Sources */ = {isa = PBXBuildFile; fileRef = 3F2E292A1DA9DC9900519C9E /* StreamViewController.swift */; };
		3F2E292D1DA9DCF200519C9E /* PostCell.swift in Sources */ = {isa = PBXBuildFile; fileRef = 3F2E292C1DA9DCF200519C9E /* PostCell.swift */; };
		3F2E292F1DA9E19000519C9E /* Stream.swift in Sources */ = {isa = PBXBuildFile; fileRef = 3F2E292E1DA9E19000519C9E /* Stream.swift */; };
		3F2E29311DA9E9D700519C9E /* Random.swift in Sources */ = {isa = PBXBuildFile; fileRef = 3F2E29301DA9E9D700519C9E /* Random.swift */; };
		3F2E29331DA9EA1800519C9E /* Post.swift in Sources */ = {isa = PBXBuildFile; fileRef = 3F2E29321DA9EA1800519C9E /* Post.swift */; };
		3F2E29351DA9EB1900519C9E /* PostRepository.swift in Sources */ = {isa = PBXBuildFile; fileRef = 3F2E29341DA9EB1900519C9E /* PostRepository.swift */; };
		3F2E29371DA9EB6E00519C9E /* Result.swift in Sources */ = {isa = PBXBuildFile; fileRef = 3F2E29361DA9EB6E00519C9E /* Result.swift */; };
		3F2E29391DA9ED0200519C9E /* ServicePack.swift in Sources */ = {isa = PBXBuildFile; fileRef = 3F2E29381DA9ED0200519C9E /* ServicePack.swift */; };
		3F2E293E1DAACF0400519C9E /* FakePostRepository.swift in Sources */ = {isa = PBXBuildFile; fileRef = 3F2E293D1DAACF0400519C9E /* FakePostRepository.swift */; };
		3F2E29401DAACF2100519C9E /* TenCenturiesError.swift in Sources */ = {isa = PBXBuildFile; fileRef = 3F2E293F1DAACF2100519C9E /* TenCenturiesError.swift */; };
		3F2E29421DAACF4B00519C9E /* TenCenturiesPostRepository.swift in Sources */ = {isa = PBXBuildFile; fileRef = 3F2E29411DAACF4B00519C9E /* TenCenturiesPostRepository.swift */; };
		3F2E29441DAAF53700519C9E /* ButtonCell.swift in Sources */ = {isa = PBXBuildFile; fileRef = 3F2E29431DAAF53700519C9E /* ButtonCell.swift */; };
		3F2E29461DAB12BB00519C9E /* SettingsViewController.swift in Sources */ = {isa = PBXBuildFile; fileRef = 3F2E29451DAB12BB00519C9E /* SettingsViewController.swift */; };
		3F2E29481DAB20AB00519C9E /* LogInViewController.swift in Sources */ = {isa = PBXBuildFile; fileRef = 3F2E29471DAB20AB00519C9E /* LogInViewController.swift */; };
		3F2E294A1DAB249100519C9E /* Authenticator.swift in Sources */ = {isa = PBXBuildFile; fileRef = 3F2E29491DAB249100519C9E /* Authenticator.swift */; };
		3F2E29521DAB29CF00519C9E /* ToastViewController.swift in Sources */ = {isa = PBXBuildFile; fileRef = 3F2E29501DAB29CF00519C9E /* ToastViewController.swift */; };
		3F2E29531DAB29CF00519C9E /* ToastViewController.xib in Resources */ = {isa = PBXBuildFile; fileRef = 3F2E29511DAB29CF00519C9E /* ToastViewController.xib */; };
/* End PBXBuildFile section */

/* Begin PBXContainerItemProxy section */
		3F2E29151DA9B9F200519C9E /* PBXContainerItemProxy */ = {
			isa = PBXContainerItemProxy;
			containerPortal = 3F2E28F61DA9B9F200519C9E /* Project object */;
			proxyType = 1;
			remoteGlobalIDString = 3F2E28FD1DA9B9F200519C9E;
			remoteInfo = Macchiato;
		};
/* End PBXContainerItemProxy section */

/* Begin PBXFileReference section */
		3F2E28FE1DA9B9F200519C9E /* Macchiato.app */ = {isa = PBXFileReference; explicitFileType = wrapper.application; includeInIndex = 0; path = Macchiato.app; sourceTree = BUILT_PRODUCTS_DIR; };
		3F2E29011DA9B9F200519C9E /* AppDelegate.swift */ = {isa = PBXFileReference; lastKnownFileType = sourcecode.swift; path = AppDelegate.swift; sourceTree = "<group>"; };
		3F2E29031DA9B9F200519C9E /* MasterViewController.swift */ = {isa = PBXFileReference; lastKnownFileType = sourcecode.swift; path = MasterViewController.swift; sourceTree = "<group>"; };
		3F2E29081DA9B9F200519C9E /* Base */ = {isa = PBXFileReference; lastKnownFileType = file.storyboard; name = Base; path = Base.lproj/Main.storyboard; sourceTree = "<group>"; };
		3F2E290A1DA9B9F200519C9E /* Assets.xcassets */ = {isa = PBXFileReference; lastKnownFileType = folder.assetcatalog; path = Assets.xcassets; sourceTree = "<group>"; };
		3F2E290D1DA9B9F200519C9E /* Base */ = {isa = PBXFileReference; lastKnownFileType = file.storyboard; name = Base; path = Base.lproj/LaunchScreen.storyboard; sourceTree = "<group>"; };
		3F2E290F1DA9B9F200519C9E /* Info.plist */ = {isa = PBXFileReference; lastKnownFileType = text.plist.xml; path = Info.plist; sourceTree = "<group>"; };
		3F2E29141DA9B9F200519C9E /* MacchiatoTests.xctest */ = {isa = PBXFileReference; explicitFileType = wrapper.cfbundle; includeInIndex = 0; path = MacchiatoTests.xctest; sourceTree = BUILT_PRODUCTS_DIR; };
		3F2E29181DA9B9F200519C9E /* MacchiatoTests.swift */ = {isa = PBXFileReference; lastKnownFileType = sourcecode.swift; path = MacchiatoTests.swift; sourceTree = "<group>"; };
		3F2E291A1DA9B9F200519C9E /* Info.plist */ = {isa = PBXFileReference; lastKnownFileType = text.plist.xml; path = Info.plist; sourceTree = "<group>"; };
		3F2E292A1DA9DC9900519C9E /* StreamViewController.swift */ = {isa = PBXFileReference; fileEncoding = 4; lastKnownFileType = sourcecode.swift; path = StreamViewController.swift; sourceTree = "<group>"; };
		3F2E292C1DA9DCF200519C9E /* PostCell.swift */ = {isa = PBXFileReference; fileEncoding = 4; lastKnownFileType = sourcecode.swift; path = PostCell.swift; sourceTree = "<group>"; };
		3F2E292E1DA9E19000519C9E /* Stream.swift */ = {isa = PBXFileReference; fileEncoding = 4; lastKnownFileType = sourcecode.swift; path = Stream.swift; sourceTree = "<group>"; };
		3F2E29301DA9E9D700519C9E /* Random.swift */ = {isa = PBXFileReference; fileEncoding = 4; lastKnownFileType = sourcecode.swift; path = Random.swift; sourceTree = "<group>"; };
		3F2E29321DA9EA1800519C9E /* Post.swift */ = {isa = PBXFileReference; fileEncoding = 4; lastKnownFileType = sourcecode.swift; path = Post.swift; sourceTree = "<group>"; };
		3F2E29341DA9EB1900519C9E /* PostRepository.swift */ = {isa = PBXFileReference; fileEncoding = 4; lastKnownFileType = sourcecode.swift; path = PostRepository.swift; sourceTree = "<group>"; };
		3F2E29361DA9EB6E00519C9E /* Result.swift */ = {isa = PBXFileReference; fileEncoding = 4; lastKnownFileType = sourcecode.swift; path = Result.swift; sourceTree = "<group>"; };
		3F2E29381DA9ED0200519C9E /* ServicePack.swift */ = {isa = PBXFileReference; fileEncoding = 4; lastKnownFileType = sourcecode.swift; path = ServicePack.swift; sourceTree = "<group>"; };
		3F2E293D1DAACF0400519C9E /* FakePostRepository.swift */ = {isa = PBXFileReference; fileEncoding = 4; lastKnownFileType = sourcecode.swift; path = FakePostRepository.swift; sourceTree = "<group>"; };
		3F2E293F1DAACF2100519C9E /* TenCenturiesError.swift */ = {isa = PBXFileReference; fileEncoding = 4; lastKnownFileType = sourcecode.swift; path = TenCenturiesError.swift; sourceTree = "<group>"; };
		3F2E29411DAACF4B00519C9E /* TenCenturiesPostRepository.swift */ = {isa = PBXFileReference; fileEncoding = 4; lastKnownFileType = sourcecode.swift; path = TenCenturiesPostRepository.swift; sourceTree = "<group>"; };
		3F2E29431DAAF53700519C9E /* ButtonCell.swift */ = {isa = PBXFileReference; fileEncoding = 4; lastKnownFileType = sourcecode.swift; path = ButtonCell.swift; sourceTree = "<group>"; };
		3F2E29451DAB12BB00519C9E /* SettingsViewController.swift */ = {isa = PBXFileReference; fileEncoding = 4; lastKnownFileType = sourcecode.swift; path = SettingsViewController.swift; sourceTree = "<group>"; };
		3F2E29471DAB20AB00519C9E /* LogInViewController.swift */ = {isa = PBXFileReference; fileEncoding = 4; lastKnownFileType = sourcecode.swift; path = LogInViewController.swift; sourceTree = "<group>"; };
		3F2E29491DAB249100519C9E /* Authenticator.swift */ = {isa = PBXFileReference; fileEncoding = 4; lastKnownFileType = sourcecode.swift; path = Authenticator.swift; sourceTree = "<group>"; };
		3F2E29501DAB29CF00519C9E /* ToastViewController.swift */ = {isa = PBXFileReference; fileEncoding = 4; lastKnownFileType = sourcecode.swift; path = ToastViewController.swift; sourceTree = "<group>"; };
		3F2E29511DAB29CF00519C9E /* ToastViewController.xib */ = {isa = PBXFileReference; fileEncoding = 4; lastKnownFileType = file.xib; path = ToastViewController.xib; sourceTree = "<group>"; };
/* End PBXFileReference section */

/* Begin PBXFrameworksBuildPhase section */
		3F2E28FB1DA9B9F200519C9E /* Frameworks */ = {
			isa = PBXFrameworksBuildPhase;
			buildActionMask = 2147483647;
			files = (
			);
			runOnlyForDeploymentPostprocessing = 0;
		};
		3F2E29111DA9B9F200519C9E /* Frameworks */ = {
			isa = PBXFrameworksBuildPhase;
			buildActionMask = 2147483647;
			files = (
			);
			runOnlyForDeploymentPostprocessing = 0;
		};
/* End PBXFrameworksBuildPhase section */

/* Begin PBXGroup section */
		3F2E28F51DA9B9F200519C9E = {
			isa = PBXGroup;
			children = (
				3F2E28FF1DA9B9F200519C9E /* Products */,
				3F2E29001DA9B9F200519C9E /* src */,
				3F2E29171DA9B9F200519C9E /* tests */,
			);
			sourceTree = "<group>";
		};
		3F2E28FF1DA9B9F200519C9E /* Products */ = {
			isa = PBXGroup;
			children = (
				3F2E28FE1DA9B9F200519C9E /* Macchiato.app */,
				3F2E29141DA9B9F200519C9E /* MacchiatoTests.xctest */,
			);
			name = Products;
			sourceTree = "<group>";
		};
		3F2E29001DA9B9F200519C9E /* src */ = {
			isa = PBXGroup;
			children = (
				3F2E294E1DAB252600519C9E /* Plumbing */,
				3F2E294B1DAB24B900519C9E /* Accessing Outside Content */,
				3F2E294D1DAB250200519C9E /* Logging In */,
				3F2E294C1DAB24ED00519C9E /* Selecting a Stream */,
				3F2E294F1DAB256600519C9E /* Viewing Posts */,
			);
			path = src;
			sourceTree = "<group>";
		};
		3F2E29171DA9B9F200519C9E /* tests */ = {
			isa = PBXGroup;
			children = (
				3F2E291A1DA9B9F200519C9E /* Info.plist */,
				3F2E29181DA9B9F200519C9E /* MacchiatoTests.swift */,
			);
			path = tests;
			sourceTree = "<group>";
		};
		3F2E294B1DAB24B900519C9E /* Accessing Outside Content */ = {
			isa = PBXGroup;
			children = (
				3F2E29381DA9ED0200519C9E /* ServicePack.swift */,
				3F2E29491DAB249100519C9E /* Authenticator.swift */,
				3F2E29341DA9EB1900519C9E /* PostRepository.swift */,
				3F2E293D1DAACF0400519C9E /* FakePostRepository.swift */,
				3F2E29411DAACF4B00519C9E /* TenCenturiesPostRepository.swift */,
				3F2E293F1DAACF2100519C9E /* TenCenturiesError.swift */,
			);
			name = "Accessing Outside Content";
			sourceTree = "<group>";
		};
		3F2E294C1DAB24ED00519C9E /* Selecting a Stream */ = {
			isa = PBXGroup;
			children = (
				3F2E292E1DA9E19000519C9E /* Stream.swift */,
				3F2E29071DA9B9F200519C9E /* Main.storyboard */,
				3F2E29031DA9B9F200519C9E /* MasterViewController.swift */,
			);
			name = "Selecting a Stream";
			sourceTree = "<group>";
		};
		3F2E294D1DAB250200519C9E /* Logging In */ = {
			isa = PBXGroup;
			children = (
				3F2E29451DAB12BB00519C9E /* SettingsViewController.swift */,
				3F2E29471DAB20AB00519C9E /* LogInViewController.swift */,
				3F2E29431DAAF53700519C9E /* ButtonCell.swift */,
			);
			name = "Logging In";
			sourceTree = "<group>";
		};
		3F2E294E1DAB252600519C9E /* Plumbing */ = {
			isa = PBXGroup;
			children = (
				3F2E29361DA9EB6E00519C9E /* Result.swift */,
				3F2E29301DA9E9D700519C9E /* Random.swift */,
				3F2E29011DA9B9F200519C9E /* AppDelegate.swift */,
				3F2E290C1DA9B9F200519C9E /* LaunchScreen.storyboard */,
				3F2E290A1DA9B9F200519C9E /* Assets.xcassets */,
				3F2E290F1DA9B9F200519C9E /* Info.plist */,
				3F2E29501DAB29CF00519C9E /* ToastViewController.swift */,
				3F2E29511DAB29CF00519C9E /* ToastViewController.xib */,
			);
			name = Plumbing;
			sourceTree = "<group>";
		};
		3F2E294F1DAB256600519C9E /* Viewing Posts */ = {
			isa = PBXGroup;
			children = (
				3F2E29321DA9EA1800519C9E /* Post.swift */,
				3F2E292C1DA9DCF200519C9E /* PostCell.swift */,
				3F2E292A1DA9DC9900519C9E /* StreamViewController.swift */,
			);
			name = "Viewing Posts";
			sourceTree = "<group>";
		};
/* End PBXGroup section */

/* Begin PBXNativeTarget section */
		3F2E28FD1DA9B9F200519C9E /* Macchiato */ = {
			isa = PBXNativeTarget;
			buildConfigurationList = 3F2E291D1DA9B9F200519C9E /* Build configuration list for PBXNativeTarget "Macchiato" */;
			buildPhases = (
				3F2E29231DA9C2B700519C9E /* Run SwiftLint */,
				3F2E28FA1DA9B9F200519C9E /* Sources */,
				3F2E28FB1DA9B9F200519C9E /* Frameworks */,
				3F2E28FC1DA9B9F200519C9E /* Resources */,
			);
			buildRules = (
			);
			dependencies = (
			);
			name = Macchiato;
			productName = Macchiato;
			productReference = 3F2E28FE1DA9B9F200519C9E /* Macchiato.app */;
			productType = "com.apple.product-type.application";
		};
		3F2E29131DA9B9F200519C9E /* MacchiatoTests */ = {
			isa = PBXNativeTarget;
			buildConfigurationList = 3F2E29201DA9B9F200519C9E /* Build configuration list for PBXNativeTarget "MacchiatoTests" */;
			buildPhases = (
				3F2E29101DA9B9F200519C9E /* Sources */,
				3F2E29111DA9B9F200519C9E /* Frameworks */,
				3F2E29121DA9B9F200519C9E /* Resources */,
			);
			buildRules = (
			);
			dependencies = (
				3F2E29161DA9B9F200519C9E /* PBXTargetDependency */,
			);
			name = MacchiatoTests;
			productName = MacchiatoTests;
			productReference = 3F2E29141DA9B9F200519C9E /* MacchiatoTests.xctest */;
			productType = "com.apple.product-type.bundle.unit-test";
		};
/* End PBXNativeTarget section */

/* Begin PBXProject section */
		3F2E28F61DA9B9F200519C9E /* Project object */ = {
			isa = PBXProject;
			attributes = {
				LastSwiftUpdateCheck = 0800;
				LastUpgradeCheck = 0800;
				ORGANIZATIONNAME = "Jeremy W. Sherman";
				TargetAttributes = {
					3F2E28FD1DA9B9F200519C9E = {
						CreatedOnToolsVersion = 8.0;
						DevelopmentTeam = EUDG8SE7G5;
						ProvisioningStyle = Automatic;
					};
					3F2E29131DA9B9F200519C9E = {
						CreatedOnToolsVersion = 8.0;
						DevelopmentTeam = EUDG8SE7G5;
						ProvisioningStyle = Automatic;
						TestTargetID = 3F2E28FD1DA9B9F200519C9E;
					};
				};
			};
			buildConfigurationList = 3F2E28F91DA9B9F200519C9E /* Build configuration list for PBXProject "Macchiato" */;
			compatibilityVersion = "Xcode 3.2";
			developmentRegion = English;
			hasScannedForEncodings = 0;
			knownRegions = (
				en,
				Base,
			);
			mainGroup = 3F2E28F51DA9B9F200519C9E;
			productRefGroup = 3F2E28FF1DA9B9F200519C9E /* Products */;
			projectDirPath = "";
			projectRoot = "";
			targets = (
				3F2E28FD1DA9B9F200519C9E /* Macchiato */,
				3F2E29131DA9B9F200519C9E /* MacchiatoTests */,
			);
		};
/* End PBXProject section */

/* Begin PBXResourcesBuildPhase section */
		3F2E28FC1DA9B9F200519C9E /* Resources */ = {
			isa = PBXResourcesBuildPhase;
			buildActionMask = 2147483647;
			files = (
				3F2E290E1DA9B9F200519C9E /* LaunchScreen.storyboard in Resources */,
				3F2E290B1DA9B9F200519C9E /* Assets.xcassets in Resources */,
				3F2E29531DAB29CF00519C9E /* ToastViewController.xib in Resources */,
				3F2E29091DA9B9F200519C9E /* Main.storyboard in Resources */,
			);
			runOnlyForDeploymentPostprocessing = 0;
		};
		3F2E29121DA9B9F200519C9E /* Resources */ = {
			isa = PBXResourcesBuildPhase;
			buildActionMask = 2147483647;
			files = (
			);
			runOnlyForDeploymentPostprocessing = 0;
		};
/* End PBXResourcesBuildPhase section */

/* Begin PBXShellScriptBuildPhase section */
		3F2E29231DA9C2B700519C9E /* Run SwiftLint */ = {
			isa = PBXShellScriptBuildPhase;
			buildActionMask = 2147483647;
			files = (
			);
			inputPaths = (
			);
			name = "Run SwiftLint";
			outputPaths = (
			);
			runOnlyForDeploymentPostprocessing = 0;
			shellPath = /bin/bash;
			shellScript = "source scripts/run-script-build-phase/run-swiftlint.sh";
			showEnvVarsInLog = 0;
		};
/* End PBXShellScriptBuildPhase section */

/* Begin PBXSourcesBuildPhase section */
		3F2E28FA1DA9B9F200519C9E /* Sources */ = {
			isa = PBXSourcesBuildPhase;
			buildActionMask = 2147483647;
			files = (
				3F2E293E1DAACF0400519C9E /* FakePostRepository.swift in Sources */,
				3F2E29371DA9EB6E00519C9E /* Result.swift in Sources */,
				3F2E29041DA9B9F200519C9E /* MasterViewController.swift in Sources */,
				3F2E29391DA9ED0200519C9E /* ServicePack.swift in Sources */,
				3F2E29521DAB29CF00519C9E /* ToastViewController.swift in Sources */,
				3F2E29021DA9B9F200519C9E /* AppDelegate.swift in Sources */,
				3F2E29401DAACF2100519C9E /* TenCenturiesError.swift in Sources */,
				3F2E29421DAACF4B00519C9E /* TenCenturiesPostRepository.swift in Sources */,
				3F2E29311DA9E9D700519C9E /* Random.swift in Sources */,
				3F2E29461DAB12BB00519C9E /* SettingsViewController.swift in Sources */,
				3F2E292B1DA9DC9900519C9E /* StreamViewController.swift in Sources */,
				3F2E292D1DA9DCF200519C9E /* PostCell.swift in Sources */,
				3F2E29351DA9EB1900519C9E /* PostRepository.swift in Sources */,
				3F2E294A1DAB249100519C9E /* Authenticator.swift in Sources */,
				3F2E29481DAB20AB00519C9E /* LogInViewController.swift in Sources */,
				3F2E29331DA9EA1800519C9E /* Post.swift in Sources */,
				3F2E292F1DA9E19000519C9E /* Stream.swift in Sources */,
				3F2E29441DAAF53700519C9E /* ButtonCell.swift in Sources */,
			);
			runOnlyForDeploymentPostprocessing = 0;
		};
		3F2E29101DA9B9F200519C9E /* Sources */ = {
			isa = PBXSourcesBuildPhase;
			buildActionMask = 2147483647;
			files = (
				3F2E29191DA9B9F200519C9E /* MacchiatoTests.swift in Sources */,
			);
			runOnlyForDeploymentPostprocessing = 0;
		};
/* End PBXSourcesBuildPhase section */

/* Begin PBXTargetDependency section */
		3F2E29161DA9B9F200519C9E /* PBXTargetDependency */ = {
			isa = PBXTargetDependency;
			target = 3F2E28FD1DA9B9F200519C9E /* Macchiato */;
			targetProxy = 3F2E29151DA9B9F200519C9E /* PBXContainerItemProxy */;
		};
/* End PBXTargetDependency section */

/* Begin PBXVariantGroup section */
		3F2E29071DA9B9F200519C9E /* Main.storyboard */ = {
			isa = PBXVariantGroup;
			children = (
				3F2E29081DA9B9F200519C9E /* Base */,
			);
			name = Main.storyboard;
			path = .;
			sourceTree = "<group>";
		};
		3F2E290C1DA9B9F200519C9E /* LaunchScreen.storyboard */ = {
			isa = PBXVariantGroup;
			children = (
				3F2E290D1DA9B9F200519C9E /* Base */,
			);
			name = LaunchScreen.storyboard;
			path = .;
			sourceTree = "<group>";
		};
/* End PBXVariantGroup section */

/* Begin XCBuildConfiguration section */
		3F2E291B1DA9B9F200519C9E /* Debug */ = {
			isa = XCBuildConfiguration;
			buildSettings = {
				ALWAYS_SEARCH_USER_PATHS = NO;
				CLANG_ANALYZER_NONNULL = YES;
				CLANG_CXX_LANGUAGE_STANDARD = "gnu++0x";
				CLANG_CXX_LIBRARY = "libc++";
				CLANG_ENABLE_MODULES = YES;
				CLANG_ENABLE_OBJC_ARC = YES;
				CLANG_WARN_BOOL_CONVERSION = YES;
				CLANG_WARN_CONSTANT_CONVERSION = YES;
				CLANG_WARN_DIRECT_OBJC_ISA_USAGE = YES_ERROR;
				CLANG_WARN_DOCUMENTATION_COMMENTS = YES;
				CLANG_WARN_EMPTY_BODY = YES;
				CLANG_WARN_ENUM_CONVERSION = YES;
				CLANG_WARN_INFINITE_RECURSION = YES;
				CLANG_WARN_INT_CONVERSION = YES;
				CLANG_WARN_OBJC_ROOT_CLASS = YES_ERROR;
				CLANG_WARN_SUSPICIOUS_MOVES = YES;
				CLANG_WARN_UNREACHABLE_CODE = YES;
				CLANG_WARN__DUPLICATE_METHOD_MATCH = YES;
				"CODE_SIGN_IDENTITY[sdk=iphoneos*]" = "iPhone Developer";
				COPY_PHASE_STRIP = NO;
				DEBUG_INFORMATION_FORMAT = dwarf;
				ENABLE_STRICT_OBJC_MSGSEND = YES;
				ENABLE_TESTABILITY = YES;
				GCC_C_LANGUAGE_STANDARD = gnu99;
				GCC_DYNAMIC_NO_PIC = NO;
				GCC_NO_COMMON_BLOCKS = YES;
				GCC_OPTIMIZATION_LEVEL = 0;
				GCC_PREPROCESSOR_DEFINITIONS = (
					"DEBUG=1",
					"$(inherited)",
				);
				GCC_WARN_64_TO_32_BIT_CONVERSION = YES;
				GCC_WARN_ABOUT_RETURN_TYPE = YES_ERROR;
				GCC_WARN_UNDECLARED_SELECTOR = YES;
				GCC_WARN_UNINITIALIZED_AUTOS = YES_AGGRESSIVE;
				GCC_WARN_UNUSED_FUNCTION = YES;
				GCC_WARN_UNUSED_VARIABLE = YES;
				IPHONEOS_DEPLOYMENT_TARGET = 10.0;
				MTL_ENABLE_DEBUG_INFO = YES;
				ONLY_ACTIVE_ARCH = YES;
				SDKROOT = iphoneos;
				SWIFT_ACTIVE_COMPILATION_CONDITIONS = DEBUG;
				SWIFT_OPTIMIZATION_LEVEL = "-Onone";
				TARGETED_DEVICE_FAMILY = "1,2";
			};
			name = Debug;
		};
		3F2E291C1DA9B9F200519C9E /* Release */ = {
			isa = XCBuildConfiguration;
			buildSettings = {
				ALWAYS_SEARCH_USER_PATHS = NO;
				CLANG_ANALYZER_NONNULL = YES;
				CLANG_CXX_LANGUAGE_STANDARD = "gnu++0x";
				CLANG_CXX_LIBRARY = "libc++";
				CLANG_ENABLE_MODULES = YES;
				CLANG_ENABLE_OBJC_ARC = YES;
				CLANG_WARN_BOOL_CONVERSION = YES;
				CLANG_WARN_CONSTANT_CONVERSION = YES;
				CLANG_WARN_DIRECT_OBJC_ISA_USAGE = YES_ERROR;
				CLANG_WARN_DOCUMENTATION_COMMENTS = YES;
				CLANG_WARN_EMPTY_BODY = YES;
				CLANG_WARN_ENUM_CONVERSION = YES;
				CLANG_WARN_INFINITE_RECURSION = YES;
				CLANG_WARN_INT_CONVERSION = YES;
				CLANG_WARN_OBJC_ROOT_CLASS = YES_ERROR;
				CLANG_WARN_SUSPICIOUS_MOVES = YES;
				CLANG_WARN_UNREACHABLE_CODE = YES;
				CLANG_WARN__DUPLICATE_METHOD_MATCH = YES;
				"CODE_SIGN_IDENTITY[sdk=iphoneos*]" = "iPhone Developer";
				COPY_PHASE_STRIP = NO;
				DEBUG_INFORMATION_FORMAT = "dwarf-with-dsym";
				ENABLE_NS_ASSERTIONS = NO;
				ENABLE_STRICT_OBJC_MSGSEND = YES;
				GCC_C_LANGUAGE_STANDARD = gnu99;
				GCC_NO_COMMON_BLOCKS = YES;
				GCC_WARN_64_TO_32_BIT_CONVERSION = YES;
				GCC_WARN_ABOUT_RETURN_TYPE = YES_ERROR;
				GCC_WARN_UNDECLARED_SELECTOR = YES;
				GCC_WARN_UNINITIALIZED_AUTOS = YES_AGGRESSIVE;
				GCC_WARN_UNUSED_FUNCTION = YES;
				GCC_WARN_UNUSED_VARIABLE = YES;
				IPHONEOS_DEPLOYMENT_TARGET = 10.0;
				MTL_ENABLE_DEBUG_INFO = NO;
				SDKROOT = iphoneos;
				SWIFT_OPTIMIZATION_LEVEL = "-Owholemodule";
				TARGETED_DEVICE_FAMILY = "1,2";
				VALIDATE_PRODUCT = YES;
			};
			name = Release;
		};
		3F2E291E1DA9B9F200519C9E /* Debug */ = {
			isa = XCBuildConfiguration;
			buildSettings = {
				ASSETCATALOG_COMPILER_APPICON_NAME = AppIcon;
				DEVELOPMENT_TEAM = EUDG8SE7G5;
				INFOPLIST_FILE = src/Info.plist;
				LD_RUNPATH_SEARCH_PATHS = "$(inherited) @executable_path/Frameworks";
				PRODUCT_BUNDLE_IDENTIFIER = com.jeremywsherman.Macchiato;
				PRODUCT_NAME = "$(TARGET_NAME)";
				SWIFT_VERSION = 3.0;
			};
			name = Debug;
		};
		3F2E291F1DA9B9F200519C9E /* Release */ = {
			isa = XCBuildConfiguration;
			buildSettings = {
				ASSETCATALOG_COMPILER_APPICON_NAME = AppIcon;
				DEVELOPMENT_TEAM = EUDG8SE7G5;
				INFOPLIST_FILE = src/Info.plist;
				LD_RUNPATH_SEARCH_PATHS = "$(inherited) @executable_path/Frameworks";
				PRODUCT_BUNDLE_IDENTIFIER = com.jeremywsherman.Macchiato;
				PRODUCT_NAME = "$(TARGET_NAME)";
				SWIFT_VERSION = 3.0;
			};
			name = Release;
		};
		3F2E29211DA9B9F200519C9E /* Debug */ = {
			isa = XCBuildConfiguration;
			buildSettings = {
				ALWAYS_EMBED_SWIFT_STANDARD_LIBRARIES = YES;
				BUNDLE_LOADER = "$(TEST_HOST)";
				DEVELOPMENT_TEAM = EUDG8SE7G5;
				INFOPLIST_FILE = tests/Info.plist;
				LD_RUNPATH_SEARCH_PATHS = "$(inherited) @executable_path/Frameworks @loader_path/Frameworks";
				PRODUCT_BUNDLE_IDENTIFIER = com.jeremywsherman.MacchiatoTests;
				PRODUCT_NAME = "$(TARGET_NAME)";
				SWIFT_VERSION = 3.0;
				TEST_HOST = "$(BUILT_PRODUCTS_DIR)/Macchiato.app/Macchiato";
			};
			name = Debug;
		};
		3F2E29221DA9B9F200519C9E /* Release */ = {
			isa = XCBuildConfiguration;
			buildSettings = {
				ALWAYS_EMBED_SWIFT_STANDARD_LIBRARIES = YES;
				BUNDLE_LOADER = "$(TEST_HOST)";
				DEVELOPMENT_TEAM = EUDG8SE7G5;
				INFOPLIST_FILE = tests/Info.plist;
				LD_RUNPATH_SEARCH_PATHS = "$(inherited) @executable_path/Frameworks @loader_path/Frameworks";
				PRODUCT_BUNDLE_IDENTIFIER = com.jeremywsherman.MacchiatoTests;
				PRODUCT_NAME = "$(TARGET_NAME)";
				SWIFT_VERSION = 3.0;
				TEST_HOST = "$(BUILT_PRODUCTS_DIR)/Macchiato.app/Macchiato";
			};
			name = Release;
		};
/* End XCBuildConfiguration section */

/* Begin XCConfigurationList section */
		3F2E28F91DA9B9F200519C9E /* Build configuration list for PBXProject "Macchiato" */ = {
			isa = XCConfigurationList;
			buildConfigurations = (
				3F2E291B1DA9B9F200519C9E /* Debug */,
				3F2E291C1DA9B9F200519C9E /* Release */,
			);
			defaultConfigurationIsVisible = 0;
			defaultConfigurationName = Release;
		};
		3F2E291D1DA9B9F200519C9E /* Build configuration list for PBXNativeTarget "Macchiato" */ = {
			isa = XCConfigurationList;
			buildConfigurations = (
				3F2E291E1DA9B9F200519C9E /* Debug */,
				3F2E291F1DA9B9F200519C9E /* Release */,
			);
			defaultConfigurationIsVisible = 0;
			defaultConfigurationName = Release;
		};
		3F2E29201DA9B9F200519C9E /* Build configuration list for PBXNativeTarget "MacchiatoTests" */ = {
			isa = XCConfigurationList;
			buildConfigurations = (
				3F2E29211DA9B9F200519C9E /* Debug */,
				3F2E29221DA9B9F200519C9E /* Release */,
			);
			defaultConfigurationIsVisible = 0;
			defaultConfigurationName = Release;
		};
/* End XCConfigurationList section */
	};
	rootObject = 3F2E28F61DA9B9F200519C9E /* Project object */;
}
